// !$*UTF8*$!
{
	archiveVersion = 1;
	classes = {
	};
	objectVersion = 77;
	objects = {

/* Begin PBXBuildFile section */
		2124F7632EA23E3A001578C9 /* WidgetKit.framework in Frameworks */ = {isa = PBXBuildFile; fileRef = 2124F7622EA23E3A001578C9 /* WidgetKit.framework */; };
		2124F7652EA23E3A001578C9 /* SwiftUI.framework in Frameworks */ = {isa = PBXBuildFile; fileRef = 2124F7642EA23E3A001578C9 /* SwiftUI.framework */; };
		2124F7742EA23E3C001578C9 /* DaillyWidgetExtension.appex in Embed Foundation Extensions */ = {isa = PBXBuildFile; fileRef = 2124F7602EA23E3A001578C9 /* DaillyWidgetExtension.appex */; settings = {ATTRIBUTES = (RemoveHeadersOnCopy, ); }; };
		2124F79D2EA258F7001578C9 /* RxSwift in Frameworks */ = {isa = PBXBuildFile; productRef = 2124F79C2EA258F7001578C9 /* RxSwift */; };
		2124FC3B2EA77F14001578C9 /* .gitignore in Resources */ = {isa = PBXBuildFile; fileRef = 2124FC3A2EA77F14001578C9 /* .gitignore */; };
		2124FC3C2EA77F14001578C9 /* .gitignore in Resources */ = {isa = PBXBuildFile; fileRef = 2124FC3A2EA77F14001578C9 /* .gitignore */; };
		212ED1442EBC3B5B00346C64 /* DGCharts in Frameworks */ = {isa = PBXBuildFile; productRef = 212ED1432EBC3B5B00346C64 /* DGCharts */; };
		218AFB382E996D23008A77DB /* Kingfisher in Frameworks */ = {isa = PBXBuildFile; productRef = 218AFB372E996D23008A77DB /* Kingfisher */; };
		218AFB3B2E996D38008A77DB /* SnapKit in Frameworks */ = {isa = PBXBuildFile; productRef = 218AFB3A2E996D38008A77DB /* SnapKit */; };
		218AFB3E2E996D86008A77DB /* RxCocoa in Frameworks */ = {isa = PBXBuildFile; productRef = 218AFB3D2E996D86008A77DB /* RxCocoa */; };
		218AFB402E996D86008A77DB /* RxSwift in Frameworks */ = {isa = PBXBuildFile; productRef = 218AFB3F2E996D86008A77DB /* RxSwift */; };
		21F0812C2E9CDAE10045BC93 /* IQKeyboardManagerSwift in Frameworks */ = {isa = PBXBuildFile; productRef = 21F0812B2E9CDAE10045BC93 /* IQKeyboardManagerSwift */; };
		21F19BE52EE6E10E007F57A8 /* RxBlocking in Frameworks */ = {isa = PBXBuildFile; productRef = 21F19BE42EE6E10E007F57A8 /* RxBlocking */; };
/* End PBXBuildFile section */

/* Begin PBXContainerItemProxy section */
		2124F7722EA23E3C001578C9 /* PBXContainerItemProxy */ = {
			isa = PBXContainerItemProxy;
			containerPortal = 218AFB122E996BF7008A77DB /* Project object */;
			proxyType = 1;
			remoteGlobalIDString = 2124F75F2EA23E3A001578C9;
			remoteInfo = DaillyWidgetExtension;
		};
		21F19BD02EE6DFF0007F57A8 /* PBXContainerItemProxy */ = {
			isa = PBXContainerItemProxy;
			containerPortal = 218AFB122E996BF7008A77DB /* Project object */;
			proxyType = 1;
			remoteGlobalIDString = 218AFB192E996BF7008A77DB;
			remoteInfo = PillingApp;
		};
/* End PBXContainerItemProxy section */

/* Begin PBXCopyFilesBuildPhase section */
		2124F7792EA23E3C001578C9 /* Embed Foundation Extensions */ = {
			isa = PBXCopyFilesBuildPhase;
			buildActionMask = 2147483647;
			dstPath = "";
			dstSubfolderSpec = 13;
			files = (
				2124F7742EA23E3C001578C9 /* DaillyWidgetExtension.appex in Embed Foundation Extensions */,
			);
			name = "Embed Foundation Extensions";
			runOnlyForDeploymentPostprocessing = 0;
		};
/* End PBXCopyFilesBuildPhase section */

/* Begin PBXFileReference section */
		2124F7602EA23E3A001578C9 /* DaillyWidgetExtension.appex */ = {isa = PBXFileReference; explicitFileType = "wrapper.app-extension"; includeInIndex = 0; path = DaillyWidgetExtension.appex; sourceTree = BUILT_PRODUCTS_DIR; };
		2124F7622EA23E3A001578C9 /* WidgetKit.framework */ = {isa = PBXFileReference; lastKnownFileType = wrapper.framework; name = WidgetKit.framework; path = System/Library/Frameworks/WidgetKit.framework; sourceTree = SDKROOT; };
		2124F7642EA23E3A001578C9 /* SwiftUI.framework */ = {isa = PBXFileReference; lastKnownFileType = wrapper.framework; name = SwiftUI.framework; path = System/Library/Frameworks/SwiftUI.framework; sourceTree = SDKROOT; };
		2124F79E2EA25B84001578C9 /* DaillyWidgetExtension.entitlements */ = {isa = PBXFileReference; lastKnownFileType = text.plist.entitlements; path = DaillyWidgetExtension.entitlements; sourceTree = "<group>"; };
		2124FC3A2EA77F14001578C9 /* .gitignore */ = {isa = PBXFileReference; lastKnownFileType = text; path = .gitignore; sourceTree = "<group>"; };
		218AFB1A2E996BF7008A77DB /* PillingApp.app */ = {isa = PBXFileReference; explicitFileType = wrapper.application; includeInIndex = 0; path = PillingApp.app; sourceTree = BUILT_PRODUCTS_DIR; };
		21F19BCC2EE6DFF0007F57A8 /* PillingAppTests.xctest */ = {isa = PBXFileReference; explicitFileType = wrapper.cfbundle; includeInIndex = 0; path = PillingAppTests.xctest; sourceTree = BUILT_PRODUCTS_DIR; };
/* End PBXFileReference section */

/* Begin PBXFileSystemSynchronizedBuildFileExceptionSet section */
		2124F7782EA23E3C001578C9 /* Exceptions for "DaillyWidget" folder in "DaillyWidgetExtension" target */ = {
			isa = PBXFileSystemSynchronizedBuildFileExceptionSet;
			membershipExceptions = (
				App/Info.plist,
			);
			target = 2124F75F2EA23E3A001578C9 /* DaillyWidgetExtension */;
		};
		2124F7802EA25439001578C9 /* Exceptions for "DaillyWidget" folder in "PillingApp" target */ = {
			isa = PBXFileSystemSynchronizedBuildFileExceptionSet;
			membershipExceptions = (
				Data/DailyWidgetProvider.swift,
				Data/SharedCoreDataManager.swift,
				Domain/WidgetModel.swift,
				Presentation/DailyWidgetEntry.swift,
			);
			target = 218AFB192E996BF7008A77DB /* PillingApp */;
		};
		2124F7942EA25622001578C9 /* Exceptions for "PillingApp" folder in "DaillyWidgetExtension" target */ = {
			isa = PBXFileSystemSynchronizedBuildFileExceptionSet;
			membershipExceptions = (
				App/Assets.xcassets,
				Common/Constants/AppStrings.swift,
				Common/Constants/Layout/DashboardUI.swift,
				"Common/Extension/CycleEntity+CoreData.swift",
				"Common/Extension/Date+.swift",
				"Common/Extension/PillRecordEntity+.swift",
				Domain/Entity/CoreDataEntity.swift,
				Domain/Entity/Cycle.swift,
				Domain/Entity/CycleError.swift,
				Domain/Entity/DateEnvironment.swift,
				Domain/Entity/DayRecord.swift,
				Domain/Entity/MessageResult.swift,
				Domain/Entity/MessageType.swift,
				Domain/Entity/NotificationError.swift,
				Domain/Entity/PillingApp.xcdatamodeld,
				Domain/Entity/SetupError.swift,
				Domain/Entity/SideEffectTag.swift,
				Domain/Entity/UserDefaultsKey.swift,
				Domain/Models/Pill/CoreDataPillStatusMapper.swift,
				Domain/Models/Pill/MedicalTiming.swift,
				Domain/Models/Pill/PillStatus.swift,
				Domain/Models/Pill/PillStatusFactory.swift,
				Domain/Models/Pill/PillStatusModel.swift,
				Domain/Models/Pill/TimeContext.swift,
				Domain/Models/Pill/TimeThreshold.swift,
				Domain/UseCases/Message/MessageStrategy/Core/MessageContext.swift,
				Domain/UseCases/Message/MessageStrategy/Core/MessageRule.swift,
				Domain/UseCases/Message/MessageStrategy/Core/MessageRuleEngine.swift,
				Domain/UseCases/Message/MessageStrategy/Rules/ConsecutiveMissedRule.swift,
				Domain/UseCases/Message/MessageStrategy/Rules/DoubleDosingRule.swift,
				Domain/UseCases/Message/MessageStrategy/Rules/EarlyTakingRule.swift,
				Domain/UseCases/Message/MessageStrategy/Rules/RecentlyMissedRule.swift,
				Domain/UseCases/Message/MessageStrategy/Rules/RestDayRule.swift,
				Domain/UseCases/Message/MessageStrategy/Rules/TimeBasedRule.swift,
				Domain/UseCases/Message/MessageStrategy/Rules/YesterdayMissedRule.swift,
				Infra/SystemTimeProvider.swift,
				Infra/UseCase/CalculateMessageUseCase.swift,
				Presentation/Dashboard/PillStatusMapper.swift,
			);
			target = 2124F75F2EA23E3A001578C9 /* DaillyWidgetExtension */;
		};
		218AFB2C2E996BF9008A77DB /* Exceptions for "PillingApp" folder in "PillingApp" target */ = {
			isa = PBXFileSystemSynchronizedBuildFileExceptionSet;
			membershipExceptions = (
				App/Info.plist,
			);
			target = 218AFB192E996BF7008A77DB /* PillingApp */;
		};
/* End PBXFileSystemSynchronizedBuildFileExceptionSet section */

/* Begin PBXFileSystemSynchronizedRootGroup section */
		2124F7662EA23E3A001578C9 /* DaillyWidget */ = {
			isa = PBXFileSystemSynchronizedRootGroup;
			exceptions = (
				2124F7802EA25439001578C9 /* Exceptions for "DaillyWidget" folder in "PillingApp" target */,
				2124F7782EA23E3C001578C9 /* Exceptions for "DaillyWidget" folder in "DaillyWidgetExtension" target */,
			);
			path = DaillyWidget;
			sourceTree = "<group>";
		};
		218AFB1C2E996BF7008A77DB /* PillingApp */ = {
			isa = PBXFileSystemSynchronizedRootGroup;
			exceptions = (
				218AFB2C2E996BF9008A77DB /* Exceptions for "PillingApp" folder in "PillingApp" target */,
				2124F7942EA25622001578C9 /* Exceptions for "PillingApp" folder in "DaillyWidgetExtension" target */,
			);
			path = PillingApp;
			sourceTree = "<group>";
		};
		21F19BCD2EE6DFF0007F57A8 /* PillingAppTests */ = {
			isa = PBXFileSystemSynchronizedRootGroup;
			path = PillingAppTests;
			sourceTree = "<group>";
		};
/* End PBXFileSystemSynchronizedRootGroup section */

/* Begin PBXFrameworksBuildPhase section */
		2124F75D2EA23E3A001578C9 /* Frameworks */ = {
			isa = PBXFrameworksBuildPhase;
			buildActionMask = 2147483647;
			files = (
				2124F79D2EA258F7001578C9 /* RxSwift in Frameworks */,
				2124F7652EA23E3A001578C9 /* SwiftUI.framework in Frameworks */,
				2124F7632EA23E3A001578C9 /* WidgetKit.framework in Frameworks */,
			);
			runOnlyForDeploymentPostprocessing = 0;
		};
		218AFB172E996BF7008A77DB /* Frameworks */ = {
			isa = PBXFrameworksBuildPhase;
			buildActionMask = 2147483647;
			files = (
				21F0812C2E9CDAE10045BC93 /* IQKeyboardManagerSwift in Frameworks */,
				218AFB3E2E996D86008A77DB /* RxCocoa in Frameworks */,
				218AFB382E996D23008A77DB /* Kingfisher in Frameworks */,
				218AFB402E996D86008A77DB /* RxSwift in Frameworks */,
				212ED1442EBC3B5B00346C64 /* DGCharts in Frameworks */,
				218AFB3B2E996D38008A77DB /* SnapKit in Frameworks */,
			);
			runOnlyForDeploymentPostprocessing = 0;
		};
		21F19BC92EE6DFF0007F57A8 /* Frameworks */ = {
			isa = PBXFrameworksBuildPhase;
			buildActionMask = 2147483647;
			files = (
				21F19BE52EE6E10E007F57A8 /* RxBlocking in Frameworks */,
			);
			runOnlyForDeploymentPostprocessing = 0;
		};
/* End PBXFrameworksBuildPhase section */

/* Begin PBXGroup section */
		2124F7612EA23E3A001578C9 /* Frameworks */ = {
			isa = PBXGroup;
			children = (
				2124F7622EA23E3A001578C9 /* WidgetKit.framework */,
				2124F7642EA23E3A001578C9 /* SwiftUI.framework */,
			);
			name = Frameworks;
			sourceTree = "<group>";
		};
		218AFB112E996BF7008A77DB = {
			isa = PBXGroup;
			children = (
				2124FC3A2EA77F14001578C9 /* .gitignore */,
				2124F79E2EA25B84001578C9 /* DaillyWidgetExtension.entitlements */,
				218AFB1C2E996BF7008A77DB /* PillingApp */,
				2124F7662EA23E3A001578C9 /* DaillyWidget */,
				21F19BCD2EE6DFF0007F57A8 /* PillingAppTests */,
				2124F7612EA23E3A001578C9 /* Frameworks */,
				218AFB1B2E996BF7008A77DB /* Products */,
			);
			sourceTree = "<group>";
		};
		218AFB1B2E996BF7008A77DB /* Products */ = {
			isa = PBXGroup;
			children = (
				218AFB1A2E996BF7008A77DB /* PillingApp.app */,
				2124F7602EA23E3A001578C9 /* DaillyWidgetExtension.appex */,
				21F19BCC2EE6DFF0007F57A8 /* PillingAppTests.xctest */,
			);
			name = Products;
			sourceTree = "<group>";
		};
/* End PBXGroup section */

/* Begin PBXNativeTarget section */
		2124F75F2EA23E3A001578C9 /* DaillyWidgetExtension */ = {
			isa = PBXNativeTarget;
			buildConfigurationList = 2124F7752EA23E3C001578C9 /* Build configuration list for PBXNativeTarget "DaillyWidgetExtension" */;
			buildPhases = (
				2124F75C2EA23E3A001578C9 /* Sources */,
				2124F75D2EA23E3A001578C9 /* Frameworks */,
				2124F75E2EA23E3A001578C9 /* Resources */,
			);
			buildRules = (
			);
			dependencies = (
			);
			fileSystemSynchronizedGroups = (
				2124F7662EA23E3A001578C9 /* DaillyWidget */,
			);
			name = DaillyWidgetExtension;
			packageProductDependencies = (
				2124F79C2EA258F7001578C9 /* RxSwift */,
			);
			productName = DaillyWidgetExtension;
			productReference = 2124F7602EA23E3A001578C9 /* DaillyWidgetExtension.appex */;
			productType = "com.apple.product-type.app-extension";
		};
		218AFB192E996BF7008A77DB /* PillingApp */ = {
			isa = PBXNativeTarget;
			buildConfigurationList = 218AFB2D2E996BF9008A77DB /* Build configuration list for PBXNativeTarget "PillingApp" */;
			buildPhases = (
				218AFB162E996BF7008A77DB /* Sources */,
				218AFB172E996BF7008A77DB /* Frameworks */,
				218AFB182E996BF7008A77DB /* Resources */,
				2124F7792EA23E3C001578C9 /* Embed Foundation Extensions */,
			);
			buildRules = (
			);
			dependencies = (
				2124F7732EA23E3C001578C9 /* PBXTargetDependency */,
			);
			fileSystemSynchronizedGroups = (
				218AFB1C2E996BF7008A77DB /* PillingApp */,
			);
			name = PillingApp;
			packageProductDependencies = (
				218AFB372E996D23008A77DB /* Kingfisher */,
				218AFB3A2E996D38008A77DB /* SnapKit */,
				218AFB3D2E996D86008A77DB /* RxCocoa */,
				218AFB3F2E996D86008A77DB /* RxSwift */,
				21F0812B2E9CDAE10045BC93 /* IQKeyboardManagerSwift */,
				212ED1432EBC3B5B00346C64 /* DGCharts */,
			);
			productName = PillingApp;
			productReference = 218AFB1A2E996BF7008A77DB /* PillingApp.app */;
			productType = "com.apple.product-type.application";
		};
		21F19BCB2EE6DFF0007F57A8 /* PillingAppTests */ = {
			isa = PBXNativeTarget;
			buildConfigurationList = 21F19BD42EE6DFF0007F57A8 /* Build configuration list for PBXNativeTarget "PillingAppTests" */;
			buildPhases = (
				21F19BC82EE6DFF0007F57A8 /* Sources */,
				21F19BC92EE6DFF0007F57A8 /* Frameworks */,
				21F19BCA2EE6DFF0007F57A8 /* Resources */,
			);
			buildRules = (
			);
			dependencies = (
				21F19BD12EE6DFF0007F57A8 /* PBXTargetDependency */,
			);
			fileSystemSynchronizedGroups = (
				21F19BCD2EE6DFF0007F57A8 /* PillingAppTests */,
			);
			name = PillingAppTests;
			packageProductDependencies = (
				21F19BE42EE6E10E007F57A8 /* RxBlocking */,
			);
			productName = PillingAppTests;
			productReference = 21F19BCC2EE6DFF0007F57A8 /* PillingAppTests.xctest */;
			productType = "com.apple.product-type.bundle.unit-test";
		};
/* End PBXNativeTarget section */

/* Begin PBXProject section */
		218AFB122E996BF7008A77DB /* Project object */ = {
			isa = PBXProject;
			attributes = {
				BuildIndependentTargetsInParallel = 1;
				LastSwiftUpdateCheck = 2600;
				LastUpgradeCheck = 2600;
				TargetAttributes = {
					2124F75F2EA23E3A001578C9 = {
						CreatedOnToolsVersion = 26.0;
					};
					218AFB192E996BF7008A77DB = {
						CreatedOnToolsVersion = 26.0;
					};
					21F19BCB2EE6DFF0007F57A8 = {
						CreatedOnToolsVersion = 26.0;
						TestTargetID = 218AFB192E996BF7008A77DB;
					};
				};
			};
			buildConfigurationList = 218AFB152E996BF7008A77DB /* Build configuration list for PBXProject "PillingApp" */;
			developmentRegion = ko;
			hasScannedForEncodings = 0;
			knownRegions = (
				Base,
				ko,
			);
			mainGroup = 218AFB112E996BF7008A77DB;
			minimizedProjectReferenceProxies = 1;
			packageReferences = (
				218AFB362E996D23008A77DB /* XCRemoteSwiftPackageReference "Kingfisher" */,
				218AFB392E996D38008A77DB /* XCRemoteSwiftPackageReference "SnapKit" */,
				218AFB3C2E996D86008A77DB /* XCRemoteSwiftPackageReference "RxSwift" */,
				21F0812A2E9CDAE10045BC93 /* XCRemoteSwiftPackageReference "IQKeyboardManager" */,
				212ED1422EBC3B5B00346C64 /* XCRemoteSwiftPackageReference "Charts" */,
			);
			preferredProjectObjectVersion = 77;
			productRefGroup = 218AFB1B2E996BF7008A77DB /* Products */;
			projectDirPath = "";
			projectRoot = "";
			targets = (
				218AFB192E996BF7008A77DB /* PillingApp */,
				2124F75F2EA23E3A001578C9 /* DaillyWidgetExtension */,
				21F19BCB2EE6DFF0007F57A8 /* PillingAppTests */,
			);
		};
/* End PBXProject section */

/* Begin PBXResourcesBuildPhase section */
		2124F75E2EA23E3A001578C9 /* Resources */ = {
			isa = PBXResourcesBuildPhase;
			buildActionMask = 2147483647;
			files = (
				2124FC3B2EA77F14001578C9 /* .gitignore in Resources */,
			);
			runOnlyForDeploymentPostprocessing = 0;
		};
		218AFB182E996BF7008A77DB /* Resources */ = {
			isa = PBXResourcesBuildPhase;
			buildActionMask = 2147483647;
			files = (
				2124FC3C2EA77F14001578C9 /* .gitignore in Resources */,
			);
			runOnlyForDeploymentPostprocessing = 0;
		};
		21F19BCA2EE6DFF0007F57A8 /* Resources */ = {
			isa = PBXResourcesBuildPhase;
			buildActionMask = 2147483647;
			files = (
			);
			runOnlyForDeploymentPostprocessing = 0;
		};
/* End PBXResourcesBuildPhase section */

/* Begin PBXSourcesBuildPhase section */
		2124F75C2EA23E3A001578C9 /* Sources */ = {
			isa = PBXSourcesBuildPhase;
			buildActionMask = 2147483647;
			files = (
			);
			runOnlyForDeploymentPostprocessing = 0;
		};
		218AFB162E996BF7008A77DB /* Sources */ = {
			isa = PBXSourcesBuildPhase;
			buildActionMask = 2147483647;
			files = (
			);
			runOnlyForDeploymentPostprocessing = 0;
		};
		21F19BC82EE6DFF0007F57A8 /* Sources */ = {
			isa = PBXSourcesBuildPhase;
			buildActionMask = 2147483647;
			files = (
			);
			runOnlyForDeploymentPostprocessing = 0;
		};
/* End PBXSourcesBuildPhase section */

/* Begin PBXTargetDependency section */
		2124F7732EA23E3C001578C9 /* PBXTargetDependency */ = {
			isa = PBXTargetDependency;
			target = 2124F75F2EA23E3A001578C9 /* DaillyWidgetExtension */;
			targetProxy = 2124F7722EA23E3C001578C9 /* PBXContainerItemProxy */;
		};
		21F19BD12EE6DFF0007F57A8 /* PBXTargetDependency */ = {
			isa = PBXTargetDependency;
			target = 218AFB192E996BF7008A77DB /* PillingApp */;
			targetProxy = 21F19BD02EE6DFF0007F57A8 /* PBXContainerItemProxy */;
		};
/* End PBXTargetDependency section */

/* Begin XCBuildConfiguration section */
		2124F7762EA23E3C001578C9 /* Debug */ = {
			isa = XCBuildConfiguration;
			buildSettings = {
				ASSETCATALOG_COMPILER_GLOBAL_ACCENT_COLOR_NAME = AccentColor;
				ASSETCATALOG_COMPILER_WIDGET_BACKGROUND_COLOR_NAME = WidgetBackground;
				CODE_SIGN_ENTITLEMENTS = DaillyWidgetExtension.entitlements;
				CODE_SIGN_IDENTITY = "Apple Development";
				CODE_SIGN_STYLE = Automatic;
				CURRENT_PROJECT_VERSION = 1;
				DEVELOPMENT_TEAM = 557346W8SC;
				GENERATE_INFOPLIST_FILE = YES;
				INFOPLIST_FILE = DaillyWidget/App/Info.plist;
				INFOPLIST_KEY_CFBundleDisplayName = DaillyWidget;
				INFOPLIST_KEY_NSHumanReadableCopyright = "";
				IPHONEOS_DEPLOYMENT_TARGET = 17.0;
				LD_RUNPATH_SEARCH_PATHS = (
					"$(inherited)",
					"@executable_path/Frameworks",
					"@executable_path/../../Frameworks",
				);
				MARKETING_VERSION = 1.1.0;
				PRODUCT_BUNDLE_IDENTIFIER = app.Pilltastic.Pilling.DaillyWidget;
				PRODUCT_NAME = "$(TARGET_NAME)";
				SKIP_INSTALL = YES;
				STRING_CATALOG_GENERATE_SYMBOLS = YES;
				SUPPORTED_PLATFORMS = "iphoneos iphonesimulator";
				SUPPORTS_MACCATALYST = NO;
				SUPPORTS_MAC_DESIGNED_FOR_IPHONE_IPAD = NO;
				SUPPORTS_XR_DESIGNED_FOR_IPHONE_IPAD = NO;
				SWIFT_APPROACHABLE_CONCURRENCY = YES;
				SWIFT_EMIT_LOC_STRINGS = YES;
				SWIFT_UPCOMING_FEATURE_MEMBER_IMPORT_VISIBILITY = YES;
				SWIFT_VERSION = 5.0;
				TARGETED_DEVICE_FAMILY = 1;
			};
			name = Debug;
		};
		2124F7772EA23E3C001578C9 /* Release */ = {
			isa = XCBuildConfiguration;
			buildSettings = {
				ASSETCATALOG_COMPILER_GLOBAL_ACCENT_COLOR_NAME = AccentColor;
				ASSETCATALOG_COMPILER_WIDGET_BACKGROUND_COLOR_NAME = WidgetBackground;
				CODE_SIGN_ENTITLEMENTS = DaillyWidgetExtension.entitlements;
				CODE_SIGN_IDENTITY = "Apple Development";
				CODE_SIGN_STYLE = Automatic;
				CURRENT_PROJECT_VERSION = 1;
				DEVELOPMENT_TEAM = 557346W8SC;
				GENERATE_INFOPLIST_FILE = YES;
				INFOPLIST_FILE = DaillyWidget/App/Info.plist;
				INFOPLIST_KEY_CFBundleDisplayName = DaillyWidget;
				INFOPLIST_KEY_NSHumanReadableCopyright = "";
				IPHONEOS_DEPLOYMENT_TARGET = 17.0;
				LD_RUNPATH_SEARCH_PATHS = (
					"$(inherited)",
					"@executable_path/Frameworks",
					"@executable_path/../../Frameworks",
				);
				MARKETING_VERSION = 1.1.0;
				PRODUCT_BUNDLE_IDENTIFIER = app.Pilltastic.Pilling.DaillyWidget;
				PRODUCT_NAME = "$(TARGET_NAME)";
				SKIP_INSTALL = YES;
				STRING_CATALOG_GENERATE_SYMBOLS = YES;
				SUPPORTED_PLATFORMS = "iphoneos iphonesimulator";
				SUPPORTS_MACCATALYST = NO;
				SUPPORTS_MAC_DESIGNED_FOR_IPHONE_IPAD = NO;
				SUPPORTS_XR_DESIGNED_FOR_IPHONE_IPAD = NO;
				SWIFT_APPROACHABLE_CONCURRENCY = YES;
				SWIFT_EMIT_LOC_STRINGS = YES;
				SWIFT_UPCOMING_FEATURE_MEMBER_IMPORT_VISIBILITY = YES;
				SWIFT_VERSION = 5.0;
				TARGETED_DEVICE_FAMILY = 1;
			};
			name = Release;
		};
		218AFB2E2E996BF9008A77DB /* Debug */ = {
			isa = XCBuildConfiguration;
			buildSettings = {
				ASSETCATALOG_COMPILER_APPICON_NAME = AppIcon;
				ASSETCATALOG_COMPILER_GLOBAL_ACCENT_COLOR_NAME = AccentColor;
				ASSETCATALOG_COMPILER_INCLUDE_ALL_APPICON_ASSETS = NO;
				CODE_SIGN_ENTITLEMENTS = PillingApp/PillingApp.entitlements;
				CODE_SIGN_IDENTITY = "Apple Development";
				CODE_SIGN_STYLE = Automatic;
				CURRENT_PROJECT_VERSION = 1;
				DEVELOPMENT_TEAM = 557346W8SC;
				GENERATE_INFOPLIST_FILE = YES;
				INFOPLIST_FILE = PillingApp/App/Info.plist;
				INFOPLIST_KEY_CFBundleDisplayName = "필링";
				INFOPLIST_KEY_ITSAppUsesNonExemptEncryption = NO;
				INFOPLIST_KEY_LSApplicationCategoryType = "public.app-category.medical";
				INFOPLIST_KEY_UIApplicationSupportsIndirectInputEvents = YES;
				INFOPLIST_KEY_UILaunchStoryboardName = LaunchScreen;
				INFOPLIST_KEY_UISupportedInterfaceOrientations = UIInterfaceOrientationPortrait;
				INFOPLIST_KEY_UISupportedInterfaceOrientations_iPad = "UIInterfaceOrientationLandscapeLeft UIInterfaceOrientationLandscapeRight UIInterfaceOrientationPortrait UIInterfaceOrientationPortraitUpsideDown";
				IPHONEOS_DEPLOYMENT_TARGET = 16.0;
				LD_RUNPATH_SEARCH_PATHS = (
					"$(inherited)",
					"@executable_path/Frameworks",
				);
				MARKETING_VERSION = 2.0.0;
				PRODUCT_BUNDLE_IDENTIFIER = app.Pilltastic.Pilling;
				PRODUCT_NAME = "$(TARGET_NAME)";
				PROVISIONING_PROFILE_SPECIFIER = "";
				STRING_CATALOG_GENERATE_SYMBOLS = YES;
				SUPPORTED_PLATFORMS = "iphoneos iphonesimulator";
				SUPPORTS_MACCATALYST = NO;
				SUPPORTS_MAC_DESIGNED_FOR_IPHONE_IPAD = NO;
				SUPPORTS_XR_DESIGNED_FOR_IPHONE_IPAD = NO;
				SWIFT_APPROACHABLE_CONCURRENCY = YES;
				SWIFT_DEFAULT_ACTOR_ISOLATION = nonisolated;
				SWIFT_EMIT_LOC_STRINGS = YES;
				SWIFT_UPCOMING_FEATURE_MEMBER_IMPORT_VISIBILITY = YES;
				SWIFT_VERSION = 5.0;
				TARGETED_DEVICE_FAMILY = 1;
			};
			name = Debug;
		};
		218AFB2F2E996BF9008A77DB /* Release */ = {
			isa = XCBuildConfiguration;
			buildSettings = {
				ASSETCATALOG_COMPILER_APPICON_NAME = AppIcon;
				ASSETCATALOG_COMPILER_GLOBAL_ACCENT_COLOR_NAME = AccentColor;
				ASSETCATALOG_COMPILER_INCLUDE_ALL_APPICON_ASSETS = NO;
				CODE_SIGN_ENTITLEMENTS = PillingApp/PillingApp.entitlements;
				CODE_SIGN_IDENTITY = "Apple Development";
				CODE_SIGN_STYLE = Automatic;
				CURRENT_PROJECT_VERSION = 1;
				DEVELOPMENT_TEAM = 557346W8SC;
				GENERATE_INFOPLIST_FILE = YES;
				INFOPLIST_FILE = PillingApp/App/Info.plist;
				INFOPLIST_KEY_CFBundleDisplayName = "필링";
				INFOPLIST_KEY_ITSAppUsesNonExemptEncryption = NO;
				INFOPLIST_KEY_LSApplicationCategoryType = "public.app-category.medical";
				INFOPLIST_KEY_UIApplicationSupportsIndirectInputEvents = YES;
				INFOPLIST_KEY_UILaunchStoryboardName = LaunchScreen;
				INFOPLIST_KEY_UISupportedInterfaceOrientations = UIInterfaceOrientationPortrait;
				INFOPLIST_KEY_UISupportedInterfaceOrientations_iPad = "UIInterfaceOrientationLandscapeLeft UIInterfaceOrientationLandscapeRight UIInterfaceOrientationPortrait UIInterfaceOrientationPortraitUpsideDown";
				IPHONEOS_DEPLOYMENT_TARGET = 16.0;
				LD_RUNPATH_SEARCH_PATHS = (
					"$(inherited)",
					"@executable_path/Frameworks",
				);
				MARKETING_VERSION = 2.0.0;
				PRODUCT_BUNDLE_IDENTIFIER = app.Pilltastic.Pilling;
				PRODUCT_NAME = "$(TARGET_NAME)";
				PROVISIONING_PROFILE_SPECIFIER = "";
				STRING_CATALOG_GENERATE_SYMBOLS = YES;
				SUPPORTED_PLATFORMS = "iphoneos iphonesimulator";
				SUPPORTS_MACCATALYST = NO;
				SUPPORTS_MAC_DESIGNED_FOR_IPHONE_IPAD = NO;
				SUPPORTS_XR_DESIGNED_FOR_IPHONE_IPAD = NO;
				SWIFT_APPROACHABLE_CONCURRENCY = YES;
				SWIFT_DEFAULT_ACTOR_ISOLATION = nonisolated;
				SWIFT_EMIT_LOC_STRINGS = YES;
				SWIFT_UPCOMING_FEATURE_MEMBER_IMPORT_VISIBILITY = YES;
				SWIFT_VERSION = 5.0;
				TARGETED_DEVICE_FAMILY = 1;
			};
			name = Release;
		};
		218AFB302E996BF9008A77DB /* Debug */ = {
			isa = XCBuildConfiguration;
			buildSettings = {
				ALWAYS_SEARCH_USER_PATHS = NO;
				ASSETCATALOG_COMPILER_GENERATE_SWIFT_ASSET_SYMBOL_EXTENSIONS = YES;
				CLANG_ANALYZER_LOCALIZABILITY_NONLOCALIZED = YES;
				CLANG_ANALYZER_NONNULL = YES;
				CLANG_ANALYZER_NUMBER_OBJECT_CONVERSION = YES_AGGRESSIVE;
				CLANG_CXX_LANGUAGE_STANDARD = "gnu++20";
				CLANG_ENABLE_MODULES = YES;
				CLANG_ENABLE_OBJC_ARC = YES;
				CLANG_ENABLE_OBJC_WEAK = YES;
				CLANG_WARN_BLOCK_CAPTURE_AUTORELEASING = YES;
				CLANG_WARN_BOOL_CONVERSION = YES;
				CLANG_WARN_COMMA = YES;
				CLANG_WARN_CONSTANT_CONVERSION = YES;
				CLANG_WARN_DEPRECATED_OBJC_IMPLEMENTATIONS = YES;
				CLANG_WARN_DIRECT_OBJC_ISA_USAGE = YES_ERROR;
				CLANG_WARN_DOCUMENTATION_COMMENTS = YES;
				CLANG_WARN_EMPTY_BODY = YES;
				CLANG_WARN_ENUM_CONVERSION = YES;
				CLANG_WARN_INFINITE_RECURSION = YES;
				CLANG_WARN_INT_CONVERSION = YES;
				CLANG_WARN_NON_LITERAL_NULL_CONVERSION = YES;
				CLANG_WARN_OBJC_IMPLICIT_RETAIN_SELF = YES;
				CLANG_WARN_OBJC_LITERAL_CONVERSION = YES;
				CLANG_WARN_OBJC_ROOT_CLASS = YES_ERROR;
				CLANG_WARN_QUOTED_INCLUDE_IN_FRAMEWORK_HEADER = YES;
				CLANG_WARN_RANGE_LOOP_ANALYSIS = YES;
				CLANG_WARN_STRICT_PROTOTYPES = YES;
				CLANG_WARN_SUSPICIOUS_MOVE = YES;
				CLANG_WARN_UNGUARDED_AVAILABILITY = YES_AGGRESSIVE;
				CLANG_WARN_UNREACHABLE_CODE = YES;
				CLANG_WARN__DUPLICATE_METHOD_MATCH = YES;
				COPY_PHASE_STRIP = NO;
				DEBUG_INFORMATION_FORMAT = dwarf;
				DEVELOPMENT_TEAM = 557346W8SC;
				ENABLE_STRICT_OBJC_MSGSEND = YES;
				ENABLE_TESTABILITY = YES;
				ENABLE_USER_SCRIPT_SANDBOXING = YES;
				GCC_C_LANGUAGE_STANDARD = gnu17;
				GCC_DYNAMIC_NO_PIC = NO;
				GCC_NO_COMMON_BLOCKS = YES;
				GCC_OPTIMIZATION_LEVEL = 0;
				GCC_PREPROCESSOR_DEFINITIONS = (
					"DEBUG=1",
					"$(inherited)",
				);
				GCC_WARN_64_TO_32_BIT_CONVERSION = YES;
				GCC_WARN_ABOUT_RETURN_TYPE = YES_ERROR;
				GCC_WARN_UNDECLARED_SELECTOR = YES;
				GCC_WARN_UNINITIALIZED_AUTOS = YES_AGGRESSIVE;
				GCC_WARN_UNUSED_FUNCTION = YES;
				GCC_WARN_UNUSED_VARIABLE = YES;
				IPHONEOS_DEPLOYMENT_TARGET = 26.0;
				LOCALIZATION_PREFERS_STRING_CATALOGS = YES;
				MTL_ENABLE_DEBUG_INFO = INCLUDE_SOURCE;
				MTL_FAST_MATH = YES;
				ONLY_ACTIVE_ARCH = YES;
				SDKROOT = iphoneos;
				SWIFT_ACTIVE_COMPILATION_CONDITIONS = "DEBUG $(inherited)";
				SWIFT_DEFAULT_ACTOR_ISOLATION = nonisolated;
				SWIFT_OPTIMIZATION_LEVEL = "-Onone";
				SWIFT_UPCOMING_FEATURE_GLOBAL_CONCURRENCY = NO;
				SWIFT_UPCOMING_FEATURE_INFER_SENDABLE_FROM_CAPTURES = NO;
				SWIFT_UPCOMING_FEATURE_NONISOLATED_NONSENDING_BY_DEFAULT = NO;
			};
			name = Debug;
		};
		218AFB312E996BF9008A77DB /* Release */ = {
			isa = XCBuildConfiguration;
			buildSettings = {
				ALWAYS_SEARCH_USER_PATHS = NO;
				ASSETCATALOG_COMPILER_GENERATE_SWIFT_ASSET_SYMBOL_EXTENSIONS = YES;
				CLANG_ANALYZER_LOCALIZABILITY_NONLOCALIZED = YES;
				CLANG_ANALYZER_NONNULL = YES;
				CLANG_ANALYZER_NUMBER_OBJECT_CONVERSION = YES_AGGRESSIVE;
				CLANG_CXX_LANGUAGE_STANDARD = "gnu++20";
				CLANG_ENABLE_MODULES = YES;
				CLANG_ENABLE_OBJC_ARC = YES;
				CLANG_ENABLE_OBJC_WEAK = YES;
				CLANG_WARN_BLOCK_CAPTURE_AUTORELEASING = YES;
				CLANG_WARN_BOOL_CONVERSION = YES;
				CLANG_WARN_COMMA = YES;
				CLANG_WARN_CONSTANT_CONVERSION = YES;
				CLANG_WARN_DEPRECATED_OBJC_IMPLEMENTATIONS = YES;
				CLANG_WARN_DIRECT_OBJC_ISA_USAGE = YES_ERROR;
				CLANG_WARN_DOCUMENTATION_COMMENTS = YES;
				CLANG_WARN_EMPTY_BODY = YES;
				CLANG_WARN_ENUM_CONVERSION = YES;
				CLANG_WARN_INFINITE_RECURSION = YES;
				CLANG_WARN_INT_CONVERSION = YES;
				CLANG_WARN_NON_LITERAL_NULL_CONVERSION = YES;
				CLANG_WARN_OBJC_IMPLICIT_RETAIN_SELF = YES;
				CLANG_WARN_OBJC_LITERAL_CONVERSION = YES;
				CLANG_WARN_OBJC_ROOT_CLASS = YES_ERROR;
				CLANG_WARN_QUOTED_INCLUDE_IN_FRAMEWORK_HEADER = YES;
				CLANG_WARN_RANGE_LOOP_ANALYSIS = YES;
				CLANG_WARN_STRICT_PROTOTYPES = YES;
				CLANG_WARN_SUSPICIOUS_MOVE = YES;
				CLANG_WARN_UNGUARDED_AVAILABILITY = YES_AGGRESSIVE;
				CLANG_WARN_UNREACHABLE_CODE = YES;
				CLANG_WARN__DUPLICATE_METHOD_MATCH = YES;
				COPY_PHASE_STRIP = NO;
				DEBUG_INFORMATION_FORMAT = "dwarf-with-dsym";
				DEVELOPMENT_TEAM = 557346W8SC;
				ENABLE_NS_ASSERTIONS = NO;
				ENABLE_STRICT_OBJC_MSGSEND = YES;
				ENABLE_USER_SCRIPT_SANDBOXING = YES;
				GCC_C_LANGUAGE_STANDARD = gnu17;
				GCC_NO_COMMON_BLOCKS = YES;
				GCC_WARN_64_TO_32_BIT_CONVERSION = YES;
				GCC_WARN_ABOUT_RETURN_TYPE = YES_ERROR;
				GCC_WARN_UNDECLARED_SELECTOR = YES;
				GCC_WARN_UNINITIALIZED_AUTOS = YES_AGGRESSIVE;
				GCC_WARN_UNUSED_FUNCTION = YES;
				GCC_WARN_UNUSED_VARIABLE = YES;
				IPHONEOS_DEPLOYMENT_TARGET = 26.0;
				LOCALIZATION_PREFERS_STRING_CATALOGS = YES;
				MTL_ENABLE_DEBUG_INFO = NO;
				MTL_FAST_MATH = YES;
				SDKROOT = iphoneos;
				SWIFT_COMPILATION_MODE = wholemodule;
				SWIFT_DEFAULT_ACTOR_ISOLATION = nonisolated;
				SWIFT_UPCOMING_FEATURE_GLOBAL_CONCURRENCY = NO;
				SWIFT_UPCOMING_FEATURE_INFER_SENDABLE_FROM_CAPTURES = NO;
				SWIFT_UPCOMING_FEATURE_NONISOLATED_NONSENDING_BY_DEFAULT = NO;
				VALIDATE_PRODUCT = YES;
			};
			name = Release;
		};
		21F19BD22EE6DFF0007F57A8 /* Debug */ = {
			isa = XCBuildConfiguration;
			buildSettings = {
				BUNDLE_LOADER = "$(TEST_HOST)";
				CODE_SIGN_STYLE = Automatic;
				CURRENT_PROJECT_VERSION = 1;
				DEVELOPMENT_TEAM = 557346W8SC;
				GENERATE_INFOPLIST_FILE = YES;
				IPHONEOS_DEPLOYMENT_TARGET = 16.6;
				MARKETING_VERSION = 1.0;
				PRODUCT_BUNDLE_IDENTIFIER = com.Pilltastic.Pilling.PillingAppTests;
				PRODUCT_NAME = "$(TARGET_NAME)";
				STRING_CATALOG_GENERATE_SYMBOLS = NO;
				SUPPORTED_PLATFORMS = "iphoneos iphonesimulator";
				SUPPORTS_MACCATALYST = NO;
				SUPPORTS_MAC_DESIGNED_FOR_IPHONE_IPAD = NO;
				SUPPORTS_XR_DESIGNED_FOR_IPHONE_IPAD = NO;
				SWIFT_APPROACHABLE_CONCURRENCY = YES;
				SWIFT_EMIT_LOC_STRINGS = NO;
				SWIFT_UPCOMING_FEATURE_MEMBER_IMPORT_VISIBILITY = YES;
				SWIFT_VERSION = 5.0;
				TARGETED_DEVICE_FAMILY = 1;
				TEST_HOST = "$(BUILT_PRODUCTS_DIR)/PillingApp.app/$(BUNDLE_EXECUTABLE_FOLDER_PATH)/PillingApp";
			};
			name = Debug;
		};
		21F19BD32EE6DFF0007F57A8 /* Release */ = {
			isa = XCBuildConfiguration;
			buildSettings = {
				BUNDLE_LOADER = "$(TEST_HOST)";
				CODE_SIGN_STYLE = Automatic;
				CURRENT_PROJECT_VERSION = 1;
				DEVELOPMENT_TEAM = 557346W8SC;
				GENERATE_INFOPLIST_FILE = YES;
				IPHONEOS_DEPLOYMENT_TARGET = 16.6;
				MARKETING_VERSION = 1.0;
				PRODUCT_BUNDLE_IDENTIFIER = com.Pilltastic.Pilling.PillingAppTests;
				PRODUCT_NAME = "$(TARGET_NAME)";
				STRING_CATALOG_GENERATE_SYMBOLS = NO;
				SUPPORTED_PLATFORMS = "iphoneos iphonesimulator";
				SUPPORTS_MACCATALYST = NO;
				SUPPORTS_MAC_DESIGNED_FOR_IPHONE_IPAD = NO;
				SUPPORTS_XR_DESIGNED_FOR_IPHONE_IPAD = NO;
				SWIFT_APPROACHABLE_CONCURRENCY = YES;
				SWIFT_EMIT_LOC_STRINGS = NO;
				SWIFT_UPCOMING_FEATURE_MEMBER_IMPORT_VISIBILITY = YES;
				SWIFT_VERSION = 5.0;
				TARGETED_DEVICE_FAMILY = 1;
				TEST_HOST = "$(BUILT_PRODUCTS_DIR)/PillingApp.app/$(BUNDLE_EXECUTABLE_FOLDER_PATH)/PillingApp";
			};
			name = Release;
		};
/* End XCBuildConfiguration section */

/* Begin XCConfigurationList section */
		2124F7752EA23E3C001578C9 /* Build configuration list for PBXNativeTarget "DaillyWidgetExtension" */ = {
			isa = XCConfigurationList;
			buildConfigurations = (
				2124F7762EA23E3C001578C9 /* Debug */,
				2124F7772EA23E3C001578C9 /* Release */,
			);
			defaultConfigurationIsVisible = 0;
			defaultConfigurationName = Release;
		};
		218AFB152E996BF7008A77DB /* Build configuration list for PBXProject "PillingApp" */ = {
			isa = XCConfigurationList;
			buildConfigurations = (
				218AFB302E996BF9008A77DB /* Debug */,
				218AFB312E996BF9008A77DB /* Release */,
			);
			defaultConfigurationIsVisible = 0;
			defaultConfigurationName = Release;
		};
		218AFB2D2E996BF9008A77DB /* Build configuration list for PBXNativeTarget "PillingApp" */ = {
			isa = XCConfigurationList;
			buildConfigurations = (
				218AFB2E2E996BF9008A77DB /* Debug */,
				218AFB2F2E996BF9008A77DB /* Release */,
			);
			defaultConfigurationIsVisible = 0;
			defaultConfigurationName = Release;
		};
		21F19BD42EE6DFF0007F57A8 /* Build configuration list for PBXNativeTarget "PillingAppTests" */ = {
			isa = XCConfigurationList;
			buildConfigurations = (
				21F19BD22EE6DFF0007F57A8 /* Debug */,
				21F19BD32EE6DFF0007F57A8 /* Release */,
			);
			defaultConfigurationIsVisible = 0;
			defaultConfigurationName = Release;
		};
/* End XCConfigurationList section */

/* Begin XCRemoteSwiftPackageReference section */
		212ED1422EBC3B5B00346C64 /* XCRemoteSwiftPackageReference "Charts" */ = {
			isa = XCRemoteSwiftPackageReference;
			repositoryURL = "https://github.com/ChartsOrg/Charts.git";
			requirement = {
				kind = upToNextMajorVersion;
				minimumVersion = 5.1.0;
			};
		};
		218AFB362E996D23008A77DB /* XCRemoteSwiftPackageReference "Kingfisher" */ = {
			isa = XCRemoteSwiftPackageReference;
			repositoryURL = "https://github.com/onevcat/Kingfisher";
			requirement = {
				kind = upToNextMajorVersion;
				minimumVersion = 8.6.0;
			};
		};
		218AFB392E996D38008A77DB /* XCRemoteSwiftPackageReference "SnapKit" */ = {
			isa = XCRemoteSwiftPackageReference;
			repositoryURL = "https://github.com/SnapKit/SnapKit.git";
			requirement = {
				kind = upToNextMajorVersion;
				minimumVersion = 5.7.1;
			};
		};
		218AFB3C2E996D86008A77DB /* XCRemoteSwiftPackageReference "RxSwift" */ = {
			isa = XCRemoteSwiftPackageReference;
			repositoryURL = "https://github.com/ReactiveX/RxSwift.git";
			requirement = {
				kind = upToNextMajorVersion;
				minimumVersion = 6.9.0;
			};
		};
		21F0812A2E9CDAE10045BC93 /* XCRemoteSwiftPackageReference "IQKeyboardManager" */ = {
			isa = XCRemoteSwiftPackageReference;
			repositoryURL = "https://github.com/hackiftekhar/IQKeyboardManager.git";
			requirement = {
				kind = upToNextMajorVersion;
				minimumVersion = 8.0.1;
			};
		};
/* End XCRemoteSwiftPackageReference section */

/* Begin XCSwiftPackageProductDependency section */
		2124F79C2EA258F7001578C9 /* RxSwift */ = {
			isa = XCSwiftPackageProductDependency;
			package = 218AFB3C2E996D86008A77DB /* XCRemoteSwiftPackageReference "RxSwift" */;
			productName = RxSwift;
		};
		212ED1432EBC3B5B00346C64 /* DGCharts */ = {
			isa = XCSwiftPackageProductDependency;
			package = 212ED1422EBC3B5B00346C64 /* XCRemoteSwiftPackageReference "Charts" */;
			productName = DGCharts;
		};
		218AFB372E996D23008A77DB /* Kingfisher */ = {
			isa = XCSwiftPackageProductDependency;
			package = 218AFB362E996D23008A77DB /* XCRemoteSwiftPackageReference "Kingfisher" */;
			productName = Kingfisher;
		};
		218AFB3A2E996D38008A77DB /* SnapKit */ = {
			isa = XCSwiftPackageProductDependency;
			package = 218AFB392E996D38008A77DB /* XCRemoteSwiftPackageReference "SnapKit" */;
			productName = SnapKit;
		};
		218AFB3D2E996D86008A77DB /* RxCocoa */ = {
			isa = XCSwiftPackageProductDependency;
			package = 218AFB3C2E996D86008A77DB /* XCRemoteSwiftPackageReference "RxSwift" */;
			productName = RxCocoa;
		};
		218AFB3F2E996D86008A77DB /* RxSwift */ = {
			isa = XCSwiftPackageProductDependency;
			package = 218AFB3C2E996D86008A77DB /* XCRemoteSwiftPackageReference "RxSwift" */;
			productName = RxSwift;
		};
		21F0812B2E9CDAE10045BC93 /* IQKeyboardManagerSwift */ = {
			isa = XCSwiftPackageProductDependency;
			package = 21F0812A2E9CDAE10045BC93 /* XCRemoteSwiftPackageReference "IQKeyboardManager" */;
			productName = IQKeyboardManagerSwift;
		};
		21F19BE42EE6E10E007F57A8 /* RxBlocking */ = {
			isa = XCSwiftPackageProductDependency;
			package = 218AFB3C2E996D86008A77DB /* XCRemoteSwiftPackageReference "RxSwift" */;
			productName = RxBlocking;
		};
/* End XCSwiftPackageProductDependency section */
	};
	rootObject = 218AFB122E996BF7008A77DB /* Project object */;
}
